
Microsoft Visual Studio Solution File, Format Version 12.00
# Visual Studio Version 17
VisualStudioVersion = 17.14.36616.10 d17.14
MinimumVisualStudioVersion = 10.0.40219.1
Project("{FAE04EC0-301F-11D3-BF4B-00C04F79EFBC}") = "MyProtein", "MyProtein.csproj", "{8B95230F-C48E-4DB2-B8DE-4D8C2AFE881D}"
EndProject
Global
	GlobalSection(SolutionConfigurationPlatforms) = preSolution
		Debug|Any CPU = Debug|Any CPU
		Release|Any CPU = Release|Any CPU
	EndGlobalSection
	GlobalSection(ProjectConfigurationPlatforms) = postSolution
		{8B95230F-C48E-4DB2-B8DE-4D8C2AFE881D}.Debug|Any CPU.ActiveCfg = Debug|Any CPU
		{8B95230F-C48E-4DB2-B8DE-4D8C2AFE881D}.Debug|Any CPU.Build.0 = Debug|Any CPU
		{8B95230F-C48E-4DB2-B8DE-4D8C2AFE881D}.Release|Any CPU.ActiveCfg = Release|Any CPU
		{8B95230F-C48E-4DB2-B8DE-4D8C2AFE881D}.Release|Any CPU.Build.0 = Release|Any CPU
	EndGlobalSection
	GlobalSection(SolutionProperties) = preSolution
		HideSolutionNode = FALSE
	EndGlobalSection
	GlobalSection(ExtensibilityGlobals) = postSolution
		SolutionGuid = {4B03E5BF-C498-457B-AB37-A85324702464}
	EndGlobalSection
EndGlobal
